<?xml version="1.0" encoding="utf-8"?>
<Project ToolsVersion="4.0" xmlns="http://schemas.microsoft.com/developer/msbuild/2003">
  <ItemGroup>
    <Filter Include="소스 파일">
      <UniqueIdentifier>{4FC737F1-C7A5-4376-A066-2A32D752A2FF}</UniqueIdentifier>
      <Extensions>cpp;c;cc;cxx;c++;cppm;ixx;def;odl;idl;hpj;bat;asm;asmx</Extensions>
    </Filter>
    <Filter Include="리소스 파일">
      <UniqueIdentifier>{67DA6AB6-F800-4c08-8B7A-83BB121AAD01}</UniqueIdentifier>
      <Extensions>rc;ico;cur;bmp;dlg;rc2;rct;bin;rgs;gif;jpg;jpeg;jpe;resx;tiff;tif;png;wav;mfcribbon-ms</Extensions>
    </Filter>
    <Filter Include="소스 파일\02. Core">
      <UniqueIdentifier>{b59161a6-1118-4a4c-aae8-feb12e002a5c}</UniqueIdentifier>
    </Filter>
    <Filter Include="소스 파일\03. Manager">
      <UniqueIdentifier>{9ac411fe-5ff0-4cd9-ab60-85c7d27439df}</UniqueIdentifier>
    </Filter>
    <Filter Include="소스 파일\04. Object">
      <UniqueIdentifier>{0aa28ead-1fdf-47d0-94a3-7458f178c79b}</UniqueIdentifier>
    </Filter>
    <Filter Include="소스 파일\default">
      <UniqueIdentifier>{ea162030-fb17-40b7-bd9d-af238d8fdfa0}</UniqueIdentifier>
    </Filter>
    <Filter Include="소스 파일\05. Scene">
      <UniqueIdentifier>{7a35b618-3941-4b6d-b6bd-de04e5981ab4}</UniqueIdentifier>
    </Filter>
    <Filter Include="소스 파일\05. Scene\Scene_Start">
      <UniqueIdentifier>{9ef5524c-b248-4249-a9c7-562e33f9ae6f}</UniqueIdentifier>
    </Filter>
    <Filter Include="소스 파일\01.Header">
      <UniqueIdentifier>{1e1c08e0-fe1a-4614-b009-77df9faee682}</UniqueIdentifier>
    </Filter>
    <Filter Include="소스 파일\04. Object\Kirby">
      <UniqueIdentifier>{af50132d-6316-49c9-82ad-e4d356e5e71b}</UniqueIdentifier>
    </Filter>
    <Filter Include="소스 파일\04. Object\Monster">
      <UniqueIdentifier>{34825b2f-8714-4f85-835f-205dd177b7b6}</UniqueIdentifier>
    </Filter>
    <Filter Include="소스 파일\04. Object\Monster\DDD">
      <UniqueIdentifier>{258ce5c8-f71d-420d-9d68-d996ce58d182}</UniqueIdentifier>
    </Filter>
    <Filter Include="소스 파일\04. Object\Door">
      <UniqueIdentifier>{4c041cf6-1071-44cc-917f-1ae740a1a23a}</UniqueIdentifier>
    </Filter>
    <Filter Include="소스 파일\06. Component">
      <UniqueIdentifier>{35c09d63-c2fc-4260-9933-c484a41e74d6}</UniqueIdentifier>
    </Filter>
    <Filter Include="소스 파일\06. Component\Collider">
      <UniqueIdentifier>{9d5f15c7-022e-4a10-a214-3cad5195bd0a}</UniqueIdentifier>
    </Filter>
    <Filter Include="소스 파일\04. Object\Monster\Normal_Monster">
      <UniqueIdentifier>{bb2c9cae-d6b3-4673-aeba-714e397dc278}</UniqueIdentifier>
    </Filter>
    <Filter Include="소스 파일\04. Object\Monster\Normal_Monster\Twizzy">
      <UniqueIdentifier>{0301a6b8-4565-4430-ba74-038d5e03bf10}</UniqueIdentifier>
    </Filter>
    <Filter Include="소스 파일\04. Object\Monster\Normal_Monster\Tookey">
      <UniqueIdentifier>{158d28bc-bad0-492e-8c21-1f92ec10934e}</UniqueIdentifier>
    </Filter>
    <Filter Include="소스 파일\04. Object\Monster\Normal_Monster\Bronto_Burt">
      <UniqueIdentifier>{bdbf84eb-d79e-432f-9aa5-bfdde452d307}</UniqueIdentifier>
    </Filter>
    <Filter Include="소스 파일\04. Object\Monster\Normal_Monster\Gordo">
      <UniqueIdentifier>{f1ad1a66-fa81-472d-b9f3-fc9434eb4c07}</UniqueIdentifier>
    </Filter>
    <Filter Include="소스 파일\04. Object\Monster\Normal_Monster\Coconut">
      <UniqueIdentifier>{9f3fafc9-fd62-4263-820e-4b88a80f4ac1}</UniqueIdentifier>
    </Filter>
    <Filter Include="소스 파일\04. Object\Monster\Normal_Monster\Grizzo">
      <UniqueIdentifier>{a6a728ef-3f5a-48ea-b9ae-503a75cca3b5}</UniqueIdentifier>
    </Filter>
    <Filter Include="소스 파일\04. Object\Monster\Ability_Monster">
      <UniqueIdentifier>{0338281a-7a7b-4b10-ab4c-2dddf64fe867}</UniqueIdentifier>
    </Filter>
    <Filter Include="소스 파일\04. Object\Monster\Ability_Monster\Noddy">
      <UniqueIdentifier>{f800777e-7030-4ca8-8211-c0d6b18e5d4c}</UniqueIdentifier>
    </Filter>
    <Filter Include="소스 파일\04. Object\Monster\Ability_Monster\Rocky">
      <UniqueIdentifier>{9ce4ef9d-bc07-4752-a3bb-384986004138}</UniqueIdentifier>
    </Filter>
    <Filter Include="소스 파일\04. Object\Monster\Ability_Monster\Blade_Knight">
      <UniqueIdentifier>{bc57b23a-6721-4030-9715-bc3eb2410704}</UniqueIdentifier>
    </Filter>
    <Filter Include="소스 파일\04. Object\Monster\Ability_Monster\Walkie">
      <UniqueIdentifier>{afb21c8a-7700-4fdc-877e-9861c0c362f8}</UniqueIdentifier>
    </Filter>
    <Filter Include="소스 파일\07. Module">
      <UniqueIdentifier>{0c31e0cb-6e50-4d91-a595-2e3e43b33c05}</UniqueIdentifier>
    </Filter>
    <Filter Include="소스 파일\03. Manager\GDIMgr">
      <UniqueIdentifier>{cbe8e698-d8b1-408b-be2e-6f9abce67dbf}</UniqueIdentifier>
    </Filter>
    <Filter Include="소스 파일\08. Resource">
      <UniqueIdentifier>{1e9f747f-97ec-4ed5-ab9b-c3a4a97b6ed4}</UniqueIdentifier>
    </Filter>
    <Filter Include="소스 파일\08. Resource\Texture">
      <UniqueIdentifier>{c0e067b8-ddc7-4959-8ce3-bd70cd5943b1}</UniqueIdentifier>
    </Filter>
    <Filter Include="소스 파일\03. Manager\ResMgr">
      <UniqueIdentifier>{b3322b1e-3294-4371-8a8b-8a3796fdec0d}</UniqueIdentifier>
    </Filter>
    <Filter Include="소스 파일\03. Manager\SceneMgr">
      <UniqueIdentifier>{77b39e01-2337-45a3-b269-42061f9f41ae}</UniqueIdentifier>
    </Filter>
    <Filter Include="소스 파일\03. Manager\TimeMgr">
      <UniqueIdentifier>{5bee7ad1-979d-42b7-a7ac-073c8e448554}</UniqueIdentifier>
    </Filter>
    <Filter Include="소스 파일\03. Manager\PathMgr">
      <UniqueIdentifier>{1148bc1b-2aa7-4814-9038-7ffb9c938153}</UniqueIdentifier>
    </Filter>
    <Filter Include="소스 파일\03. Manager\KeyMgr">
      <UniqueIdentifier>{40077e71-8679-4ca2-9dc6-f11024741a8e}</UniqueIdentifier>
    </Filter>
    <Filter Include="소스 파일\03. Manager\EventMgr">
      <UniqueIdentifier>{79300f37-3116-4dd3-85ac-d9ed637e9d7d}</UniqueIdentifier>
    </Filter>
    <Filter Include="소스 파일\03. Manager\ColliderMgr">
      <UniqueIdentifier>{8c75584b-1ae5-4335-89cf-daff31bed154}</UniqueIdentifier>
    </Filter>
    <Filter Include="소스 파일\03. Manager\Camera">
      <UniqueIdentifier>{09a3368d-7454-4304-8d1b-10a72e7a355a}</UniqueIdentifier>
    </Filter>
    <Filter Include="소스 파일\06. Component\Animator">
      <UniqueIdentifier>{66c4d033-8321-4b3a-976c-604e0d63cd5e}</UniqueIdentifier>
    </Filter>
    <Filter Include="소스 파일\06. Component\Animator\Animation">
      <UniqueIdentifier>{324b1f08-f8fc-495d-a180-cac862b90e59}</UniqueIdentifier>
    </Filter>
    <Filter Include="소스 파일\04. Object\UI">
      <UniqueIdentifier>{adb8ba7a-087a-4954-8b08-d12c4c549d41}</UniqueIdentifier>
    </Filter>
    <Filter Include="소스 파일\03. Manager\UIMgr">
      <UniqueIdentifier>{9b263382-eaf8-479a-9324-bbc16d3b506f}</UniqueIdentifier>
    </Filter>
    <Filter Include="소스 파일\04. Object\UI\PanelUI">
      <UniqueIdentifier>{af4bb4fb-7eca-436e-8ae1-c61979c22757}</UniqueIdentifier>
    </Filter>
    <Filter Include="소스 파일\04. Object\UI\BtnUI">
      <UniqueIdentifier>{25d11cf4-dc7d-4a1b-bfb8-afd058a7622a}</UniqueIdentifier>
    </Filter>
    <Filter Include="소스 파일\04. Object\AnimPlay">
      <UniqueIdentifier>{a0a5f3f0-68ae-4182-ba0e-5a8df722310f}</UniqueIdentifier>
    </Filter>
    <Filter Include="소스 파일\06. Component\RigidBody">
      <UniqueIdentifier>{2cfdc745-4fd1-424b-82d8-4247ece2377a}</UniqueIdentifier>
    </Filter>
    <Filter Include="소스 파일\06. Component\Gravity">
      <UniqueIdentifier>{8b0114ea-91e2-486c-821c-bebb465c27e0}</UniqueIdentifier>
    </Filter>
    <Filter Include="소스 파일\04. Object\Ground">
      <UniqueIdentifier>{548b2e31-da59-45db-9da6-7d29f7429e52}</UniqueIdentifier>
    </Filter>
    <Filter Include="소스 파일\05. Scene\Scene_Stage">
      <UniqueIdentifier>{0eae0811-c3f2-4285-8e49-6a5a488bce1b}</UniqueIdentifier>
    </Filter>
    <Filter Include="소스 파일\05. Scene\Scene_SceneTool">
      <UniqueIdentifier>{19d7c717-256e-440c-86af-fae26d62699f}</UniqueIdentifier>
    </Filter>
    <Filter Include="소스 파일\05. Scene\Scene_AnimTool">
      <UniqueIdentifier>{09a8212a-d28c-4460-b919-a47007e17e84}</UniqueIdentifier>
    </Filter>
  </ItemGroup>
  <ItemGroup>
    <ClInclude Include="framework.h">
      <Filter>소스 파일\default</Filter>
    </ClInclude>
    <ClInclude Include="GameEngine.h">
      <Filter>소스 파일\default</Filter>
    </ClInclude>
    <ClInclude Include="Resource.h">
      <Filter>소스 파일\default</Filter>
    </ClInclude>
    <ClInclude Include="targetver.h">
      <Filter>소스 파일\default</Filter>
    </ClInclude>
    <ClInclude Include="CCore.h">
      <Filter>소스 파일\02. Core</Filter>
    </ClInclude>
    <ClInclude Include="define.h">
      <Filter>소스 파일\01.Header</Filter>
    </ClInclude>
    <ClInclude Include="Math.h">
      <Filter>소스 파일\01.Header</Filter>
    </ClInclude>
    <ClInclude Include="global.h">
      <Filter>소스 파일\01.Header</Filter>
    </ClInclude>
    <ClInclude Include="CTimeMgr.h">
      <Filter>소스 파일\03. Manager\TimeMgr</Filter>
    </ClInclude>
    <ClInclude Include="struct.h">
      <Filter>소스 파일\01.Header</Filter>
    </ClInclude>
    <ClInclude Include="CObject.h">
      <Filter>소스 파일\04. Object</Filter>
    </ClInclude>
    <ClInclude Include="CKeyMgr.h">
      <Filter>소스 파일\03. Manager\KeyMgr</Filter>
    </ClInclude>
    <ClInclude Include="CScene.h">
      <Filter>소스 파일\05. Scene</Filter>
    </ClInclude>
    <ClInclude Include="CSceneMgr.h">
      <Filter>소스 파일\03. Manager\SceneMgr</Filter>
    </ClInclude>
    <ClInclude Include="global_Func.h">
      <Filter>소스 파일\01.Header</Filter>
    </ClInclude>
    <ClInclude Include="CScene_Start.h">
      <Filter>소스 파일\05. Scene\Scene_Start</Filter>
    </ClInclude>
    <ClInclude Include="CRoot.h">
      <Filter>소스 파일\01.Header</Filter>
    </ClInclude>
    <ClInclude Include="Kirby.h">
      <Filter>소스 파일\04. Object\Kirby</Filter>
    </ClInclude>
    <ClInclude Include="CComponent.h">
      <Filter>소스 파일\06. Component</Filter>
    </ClInclude>
    <ClInclude Include="CEventMgr.h">
      <Filter>소스 파일\03. Manager\EventMgr</Filter>
    </ClInclude>
    <ClInclude Include="CPathMgr.h">
      <Filter>소스 파일\03. Manager\PathMgr</Filter>
    </ClInclude>
    <ClInclude Include="CMonster.h">
      <Filter>소스 파일\04. Object\Monster</Filter>
    </ClInclude>
    <ClInclude Include="CCollider.h">
      <Filter>소스 파일\06. Component\Collider</Filter>
    </ClInclude>
    <ClInclude Include="CColliderMgr.h">
      <Filter>소스 파일\03. Manager\ColliderMgr</Filter>
    </ClInclude>
    <ClInclude Include="SelectGDI.h">
      <Filter>소스 파일\07. Module</Filter>
    </ClInclude>
    <ClInclude Include="GDIMgr.h">
      <Filter>소스 파일\03. Manager\GDIMgr</Filter>
    </ClInclude>
    <ClInclude Include="CRes.h">
      <Filter>소스 파일\08. Resource</Filter>
    </ClInclude>
    <ClInclude Include="CTexture.h">
      <Filter>소스 파일\08. Resource\Texture</Filter>
    </ClInclude>
    <ClInclude Include="CResMgr.h">
      <Filter>소스 파일\03. Manager\ResMgr</Filter>
    </ClInclude>
    <ClInclude Include="CCamera.h">
      <Filter>소스 파일\03. Manager\Camera</Filter>
    </ClInclude>
    <ClInclude Include="CAnimator.h">
      <Filter>소스 파일\06. Component\Animator</Filter>
    </ClInclude>
    <ClInclude Include="CAnimation.h">
      <Filter>소스 파일\06. Component\Animator\Animation</Filter>
    </ClInclude>
    <ClInclude Include="CUI.h">
      <Filter>소스 파일\04. Object\UI</Filter>
    </ClInclude>
    <ClInclude Include="CUIMgr.h">
      <Filter>소스 파일\03. Manager\UIMgr</Filter>
    </ClInclude>
    <ClInclude Include="CScene_AnimTool.h">
      <Filter>소스 파일\05. Scene\Scene_AnimTool</Filter>
    </ClInclude>
    <ClInclude Include="CBtnUI.h">
      <Filter>소스 파일\04. Object\UI\BtnUI</Filter>
    </ClInclude>
    <ClInclude Include="CPanelUI.h">
      <Filter>소스 파일\04. Object\UI\PanelUI</Filter>
    </ClInclude>
    <ClInclude Include="CAnimPlayer.h">
      <Filter>소스 파일\04. Object\AnimPlay</Filter>
    </ClInclude>
    <ClInclude Include="CRigidBody.h">
      <Filter>소스 파일\06. Component\RigidBody</Filter>
    </ClInclude>
    <ClInclude Include="CGravity.h">
      <Filter>소스 파일\06. Component\Gravity</Filter>
    </ClInclude>
    <ClInclude Include="CGround.h">
      <Filter>소스 파일\04. Object\Ground</Filter>
    </ClInclude>
    <ClInclude Include="CScene_Stage.h">
      <Filter>소스 파일\05. Scene\Scene_Stage</Filter>
    </ClInclude>
    <ClInclude Include="CScene_SceneTool.h">
      <Filter>소스 파일\05. Scene\Scene_SceneTool</Filter>
    </ClInclude>
  </ItemGroup>
  <ItemGroup>
    <ClCompile Include="GameEngine.cpp">
      <Filter>소스 파일</Filter>
    </ClCompile>
    <ClCompile Include="CCore.cpp">
      <Filter>소스 파일\02. Core</Filter>
    </ClCompile>
    <ClCompile Include="CTimeMgr.cpp">
      <Filter>소스 파일\03. Manager\TimeMgr</Filter>
    </ClCompile>
    <ClCompile Include="CObject.cpp">
      <Filter>소스 파일\04. Object</Filter>
    </ClCompile>
    <ClCompile Include="CKeyMgr.cpp">
      <Filter>소스 파일\03. Manager\KeyMgr</Filter>
    </ClCompile>
    <ClCompile Include="CScene.cpp">
      <Filter>소스 파일\05. Scene</Filter>
    </ClCompile>
    <ClCompile Include="CSceneMgr.cpp">
      <Filter>소스 파일\03. Manager\SceneMgr</Filter>
    </ClCompile>
    <ClCompile Include="global_Func.cpp">
      <Filter>소스 파일\01.Header</Filter>
    </ClCompile>
    <ClCompile Include="CScene_Start.cpp">
      <Filter>소스 파일\05. Scene\Scene_Start</Filter>
    </ClCompile>
    <ClCompile Include="CRoot.cpp">
      <Filter>소스 파일\01.Header</Filter>
    </ClCompile>
    <ClCompile Include="Kirby.cpp">
      <Filter>소스 파일\04. Object\Kirby</Filter>
    </ClCompile>
    <ClCompile Include="CComponent.cpp">
      <Filter>소스 파일\06. Component</Filter>
    </ClCompile>
    <ClCompile Include="CEventMgr.cpp">
      <Filter>소스 파일\03. Manager\EventMgr</Filter>
    </ClCompile>
    <ClCompile Include="CPathMgr.cpp">
      <Filter>소스 파일\03. Manager\PathMgr</Filter>
    </ClCompile>
    <ClCompile Include="CMonster.cpp">
      <Filter>소스 파일\04. Object\Monster</Filter>
    </ClCompile>
    <ClCompile Include="CCollider.cpp">
      <Filter>소스 파일\06. Component\Collider</Filter>
    </ClCompile>
    <ClCompile Include="CColliderMgr.cpp">
      <Filter>소스 파일\03. Manager\ColliderMgr</Filter>
    </ClCompile>
    <ClCompile Include="SelectGDI.cpp">
      <Filter>소스 파일\07. Module</Filter>
    </ClCompile>
    <ClCompile Include="GDIMgr.cpp">
      <Filter>소스 파일\03. Manager\GDIMgr</Filter>
    </ClCompile>
    <ClCompile Include="CRes.cpp">
      <Filter>소스 파일\08. Resource</Filter>
    </ClCompile>
    <ClCompile Include="CTexture.cpp">
      <Filter>소스 파일\08. Resource\Texture</Filter>
    </ClCompile>
    <ClCompile Include="CResMgr.cpp">
      <Filter>소스 파일\03. Manager\ResMgr</Filter>
    </ClCompile>
    <ClCompile Include="CCamera.cpp">
      <Filter>소스 파일\03. Manager\Camera</Filter>
    </ClCompile>
    <ClCompile Include="CAnimator.cpp">
      <Filter>소스 파일\06. Component\Animator</Filter>
    </ClCompile>
    <ClCompile Include="CAnimation.cpp">
      <Filter>소스 파일\06. Component\Animator\Animation</Filter>
    </ClCompile>
    <ClCompile Include="CUI.cpp">
      <Filter>소스 파일\04. Object\UI</Filter>
    </ClCompile>
    <ClCompile Include="CUIMgr.cpp">
      <Filter>소스 파일\03. Manager\UIMgr</Filter>
    </ClCompile>
    <ClCompile Include="CScene_AnimTool.cpp">
      <Filter>소스 파일\05. Scene\Scene_AnimTool</Filter>
    </ClCompile>
    <ClCompile Include="CBtnUI.cpp">
      <Filter>소스 파일\04. Object\UI\BtnUI</Filter>
    </ClCompile>
    <ClCompile Include="CPanelUI.cpp">
      <Filter>소스 파일\04. Object\UI\PanelUI</Filter>
    </ClCompile>
    <ClCompile Include="CAnimPlayer.cpp">
      <Filter>소스 파일\04. Object\AnimPlay</Filter>
    </ClCompile>
    <ClCompile Include="CRigidBody.cpp">
      <Filter>소스 파일\06. Component\RigidBody</Filter>
    </ClCompile>
    <ClCompile Include="CGravity.cpp">
      <Filter>소스 파일\06. Component\Gravity</Filter>
    </ClCompile>
    <ClCompile Include="CGround.cpp">
      <Filter>소스 파일\04. Object\Ground</Filter>
    </ClCompile>
    <ClCompile Include="CScene_Stage.cpp">
      <Filter>소스 파일\05. Scene\Scene_Stage</Filter>
    </ClCompile>
    <ClCompile Include="CScene_SceneTool.cpp">
      <Filter>소스 파일\05. Scene\Scene_SceneTool</Filter>
    </ClCompile>
  </ItemGroup>
  <ItemGroup>
    <ResourceCompile Include="GameEngine.rc">
      <Filter>리소스 파일</Filter>
    </ResourceCompile>
  </ItemGroup>
  <ItemGroup>
    <Image Include="small.ico">
      <Filter>리소스 파일</Filter>
    </Image>
    <Image Include="GameEngine.ico">
      <Filter>리소스 파일</Filter>
    </Image>
  </ItemGroup>
</Project>