<?xml version="1.0" encoding="utf-8"?>
<Project ToolsVersion="4.0" xmlns="http://schemas.microsoft.com/developer/msbuild/2003">
  <ItemGroup>
    <Filter Include="소스 파일">
      <UniqueIdentifier>{4FC737F1-C7A5-4376-A066-2A32D752A2FF}</UniqueIdentifier>
      <Extensions>cpp;c;cc;cxx;c++;cppm;ixx;def;odl;idl;hpj;bat;asm;asmx</Extensions>
    </Filter>
    <Filter Include="리소스 파일">
      <UniqueIdentifier>{67DA6AB6-F800-4c08-8B7A-83BB121AAD01}</UniqueIdentifier>
      <Extensions>rc;ico;cur;bmp;dlg;rc2;rct;bin;rgs;gif;jpg;jpeg;jpe;resx;tiff;tif;png;wav;mfcribbon-ms</Extensions>
    </Filter>
    <Filter Include="소스 파일\02. Core">
      <UniqueIdentifier>{b59161a6-1118-4a4c-aae8-feb12e002a5c}</UniqueIdentifier>
    </Filter>
    <Filter Include="소스 파일\03. Manager">
      <UniqueIdentifier>{9ac411fe-5ff0-4cd9-ab60-85c7d27439df}</UniqueIdentifier>
    </Filter>
    <Filter Include="소스 파일\04. Object">
      <UniqueIdentifier>{0aa28ead-1fdf-47d0-94a3-7458f178c79b}</UniqueIdentifier>
    </Filter>
    <Filter Include="소스 파일\03. Manager\CKeyMgr">
      <UniqueIdentifier>{40077e71-8679-4ca2-9dc6-f11024741a8e}</UniqueIdentifier>
    </Filter>
    <Filter Include="소스 파일\default">
      <UniqueIdentifier>{ea162030-fb17-40b7-bd9d-af238d8fdfa0}</UniqueIdentifier>
    </Filter>
    <Filter Include="소스 파일\03. Manager\CTimeMgr">
      <UniqueIdentifier>{5bee7ad1-979d-42b7-a7ac-073c8e448554}</UniqueIdentifier>
    </Filter>
    <Filter Include="소스 파일\05. Scene">
      <UniqueIdentifier>{7a35b618-3941-4b6d-b6bd-de04e5981ab4}</UniqueIdentifier>
    </Filter>
    <Filter Include="소스 파일\03. Manager\CSceneMgr">
      <UniqueIdentifier>{77b39e01-2337-45a3-b269-42061f9f41ae}</UniqueIdentifier>
    </Filter>
    <Filter Include="소스 파일\05. Scene\Scene_Start">
      <UniqueIdentifier>{9ef5524c-b248-4249-a9c7-562e33f9ae6f}</UniqueIdentifier>
    </Filter>
    <Filter Include="소스 파일\01.Header">
      <UniqueIdentifier>{1e1c08e0-fe1a-4614-b009-77df9faee682}</UniqueIdentifier>
    </Filter>
  </ItemGroup>
  <ItemGroup>
    <ClInclude Include="framework.h">
      <Filter>소스 파일\default</Filter>
    </ClInclude>
    <ClInclude Include="GameEngine.h">
      <Filter>소스 파일\default</Filter>
    </ClInclude>
    <ClInclude Include="Resource.h">
      <Filter>소스 파일\default</Filter>
    </ClInclude>
    <ClInclude Include="targetver.h">
      <Filter>소스 파일\default</Filter>
    </ClInclude>
    <ClInclude Include="CCore.h">
      <Filter>소스 파일\02. Core</Filter>
    </ClInclude>
    <ClInclude Include="define.h">
      <Filter>소스 파일\01.Header</Filter>
    </ClInclude>
    <ClInclude Include="Math.h">
      <Filter>소스 파일\01.Header</Filter>
    </ClInclude>
    <ClInclude Include="global.h">
      <Filter>소스 파일\01.Header</Filter>
    </ClInclude>
    <ClInclude Include="CTimeMgr.h">
      <Filter>소스 파일\03. Manager\CTimeMgr</Filter>
    </ClInclude>
    <ClInclude Include="struct.h">
      <Filter>소스 파일\01.Header</Filter>
    </ClInclude>
    <ClInclude Include="CObject.h">
      <Filter>소스 파일\04. Object</Filter>
    </ClInclude>
    <ClInclude Include="CKeyMgr.h">
      <Filter>소스 파일\03. Manager\CKeyMgr</Filter>
    </ClInclude>
    <ClInclude Include="CScene.h">
      <Filter>소스 파일\05. Scene</Filter>
    </ClInclude>
    <ClInclude Include="CSceneMgr.h">
      <Filter>소스 파일\03. Manager\CSceneMgr</Filter>
    </ClInclude>
    <ClInclude Include="global_Func.h">
      <Filter>소스 파일\01.Header</Filter>
    </ClInclude>
    <ClInclude Include="CScene_Start.h">
      <Filter>소스 파일\05. Scene\Scene_Start</Filter>
    </ClInclude>
    <ClInclude Include="CRoot.h">
      <Filter>소스 파일\01.Header</Filter>
    </ClInclude>
  </ItemGroup>
  <ItemGroup>
    <ClCompile Include="GameEngine.cpp">
      <Filter>소스 파일</Filter>
    </ClCompile>
    <ClCompile Include="CCore.cpp">
      <Filter>소스 파일\02. Core</Filter>
    </ClCompile>
    <ClCompile Include="CTimeMgr.cpp">
      <Filter>소스 파일\03. Manager\CTimeMgr</Filter>
    </ClCompile>
    <ClCompile Include="CObject.cpp">
      <Filter>소스 파일\04. Object</Filter>
    </ClCompile>
    <ClCompile Include="CKeyMgr.cpp">
      <Filter>소스 파일\03. Manager\CKeyMgr</Filter>
    </ClCompile>
    <ClCompile Include="CScene.cpp">
      <Filter>소스 파일\05. Scene</Filter>
    </ClCompile>
    <ClCompile Include="CSceneMgr.cpp">
      <Filter>소스 파일\03. Manager\CSceneMgr</Filter>
    </ClCompile>
    <ClCompile Include="global_Func.cpp">
      <Filter>소스 파일\01.Header</Filter>
    </ClCompile>
    <ClCompile Include="CScene_Start.cpp">
      <Filter>소스 파일\05. Scene\Scene_Start</Filter>
    </ClCompile>
    <ClCompile Include="CRoot.cpp">
      <Filter>소스 파일\01.Header</Filter>
    </ClCompile>
  </ItemGroup>
  <ItemGroup>
    <ResourceCompile Include="GameEngine.rc">
      <Filter>리소스 파일</Filter>
    </ResourceCompile>
  </ItemGroup>
  <ItemGroup>
    <Image Include="small.ico">
      <Filter>리소스 파일</Filter>
    </Image>
    <Image Include="GameEngine.ico">
      <Filter>리소스 파일</Filter>
    </Image>
  </ItemGroup>
</Project>